Microsoft Visual Studio Solution File, Format Version 11.00
# Visual Studio 2008

Project("{C5648D00-AE42-B770-4FE6-FF4ED18F97B4}") = "MapTest", "Assembly-CSharp.csproj", "{9F7293CF-0DF1-6F0E-FE67-123B4BFBB73F}"
EndProject
Project("{C5648D00-AE42-B770-4FE6-FF4ED18F97B4}") = "MapTest", "Assembly-CSharp-Editor.csproj", "{0E211D7A-21D3-9F8C-D499-6276441C0CB6}"
EndProject
Global
	GlobalSection(SolutionConfigurationPlatforms) = preSolution
		Debug|Any CPU = Debug|Any CPU
		Release|Any CPU = Release|Any CPU
	EndGlobalSection
	GlobalSection(ProjectConfigurationPlatforms) = postSolution
		{9F7293CF-0DF1-6F0E-FE67-123B4BFBB73F}.Debug|Any CPU.ActiveCfg = Debug|Any CPU
		{9F7293CF-0DF1-6F0E-FE67-123B4BFBB73F}.Debug|Any CPU.Build.0 = Debug|Any CPU
		{9F7293CF-0DF1-6F0E-FE67-123B4BFBB73F}.Release|Any CPU.ActiveCfg = Release|Any CPU
		{9F7293CF-0DF1-6F0E-FE67-123B4BFBB73F}.Release|Any CPU.Build.0 = Release|Any CPU
		{0E211D7A-21D3-9F8C-D499-6276441C0CB6}.Debug|Any CPU.ActiveCfg = Debug|Any CPU
		{0E211D7A-21D3-9F8C-D499-6276441C0CB6}.Debug|Any CPU.Build.0 = Debug|Any CPU
		{0E211D7A-21D3-9F8C-D499-6276441C0CB6}.Release|Any CPU.ActiveCfg = Release|Any CPU
		{0E211D7A-21D3-9F8C-D499-6276441C0CB6}.Release|Any CPU.Build.0 = Release|Any CPU
	EndGlobalSection
	GlobalSection(SolutionProperties) = preSolution
		HideSolutionNode = FALSE
	EndGlobalSection
													GlobalSection(MonoDevelopProperties) = preSolution
		StartupItem = Assembly-CSharp.csproj
		Policies = $0
		$0.TextStylePolicy = $1
		$1.inheritsSet = null
		$1.scope = text/x-csharp
		$0.CSharpFormattingPolicy = $2
		$2.inheritsSet = Mono
		$2.inheritsScope = text/x-csharp
		$2.scope = text/x-csharp
		$0.TextStylePolicy = $3
		$3.FileWidth = 120
		$3.TabWidth = 4
		$3.IndentWidth = 4
		$3.EolMarker = Unix
		$3.inheritsSet = Mono
		$3.inheritsScope = text/plain
		$3.scope = text/plain
	EndGlobalSection

EndGlobal
