
Microsoft Visual Studio Solution File, Format Version 12.00
# Visual Studio 2015
Project("{FAE04EC0-301F-11D3-BF4B-00C04F79EFBC}") = "UnityMapTest.CSharp", "UnityMapTest.CSharp.csproj", "{D709B4C2-2A90-CC25-A83A-DCE488D40FA4}"
EndProject
Project("{FAE04EC0-301F-11D3-BF4B-00C04F79EFBC}") = "UnityMapTest.CSharp.Editor", "UnityMapTest.CSharp.Editor.csproj", "{73876A72-CED3-4A65-44F7-5452A31D6DBE}"
EndProject
Global
	GlobalSection(SolutionConfigurationPlatforms) = preSolution
		Debug|Any CPU = Debug|Any CPU
		Release|Any CPU = Release|Any CPU
	EndGlobalSection
	GlobalSection(ProjectConfigurationPlatforms) = postSolution
		{D709B4C2-2A90-CC25-A83A-DCE488D40FA4}.Debug|Any CPU.ActiveCfg = Debug|Any CPU
		{D709B4C2-2A90-CC25-A83A-DCE488D40FA4}.Debug|Any CPU.Build.0 = Debug|Any CPU
		{D709B4C2-2A90-CC25-A83A-DCE488D40FA4}.Release|Any CPU.ActiveCfg = Release|Any CPU
		{D709B4C2-2A90-CC25-A83A-DCE488D40FA4}.Release|Any CPU.Build.0 = Release|Any CPU
		{73876A72-CED3-4A65-44F7-5452A31D6DBE}.Debug|Any CPU.ActiveCfg = Debug|Any CPU
		{73876A72-CED3-4A65-44F7-5452A31D6DBE}.Debug|Any CPU.Build.0 = Debug|Any CPU
		{73876A72-CED3-4A65-44F7-5452A31D6DBE}.Release|Any CPU.ActiveCfg = Release|Any CPU
		{73876A72-CED3-4A65-44F7-5452A31D6DBE}.Release|Any CPU.Build.0 = Release|Any CPU
	EndGlobalSection
	GlobalSection(SolutionProperties) = preSolution
		HideSolutionNode = FALSE
	EndGlobalSection
EndGlobal
